
Microsoft Visual Studio Solution File, Format Version 12.00
# Visual Studio Version 17
VisualStudioVersion = 17.7.34003.232
MinimumVisualStudioVersion = 10.0.40219.1
Project("{FAE04EC0-301F-11D3-BF4B-00C04F79EFBC}") = "StudentRegistrationSystemAPI", "StudentRegistrationSystemAPI\StudentRegistrationSystemAPI.csproj", "{2E8E8A60-5415-4353-A18C-B7F2AEDC0D0F}"
EndProject
Global
	GlobalSection(SolutionConfigurationPlatforms) = preSolution
		Debug|Any CPU = Debug|Any CPU
		Release|Any CPU = Release|Any CPU
	EndGlobalSection
	GlobalSection(ProjectConfigurationPlatforms) = postSolution
		{2E8E8A60-5415-4353-A18C-B7F2AEDC0D0F}.Debug|Any CPU.ActiveCfg = Debug|Any CPU
		{2E8E8A60-5415-4353-A18C-B7F2AEDC0D0F}.Debug|Any CPU.Build.0 = Debug|Any CPU
		{2E8E8A60-5415-4353-A18C-B7F2AEDC0D0F}.Release|Any CPU.ActiveCfg = Release|Any CPU
		{2E8E8A60-5415-4353-A18C-B7F2AEDC0D0F}.Release|Any CPU.Build.0 = Release|Any CPU
	EndGlobalSection
	GlobalSection(SolutionProperties) = preSolution
		HideSolutionNode = FALSE
	EndGlobalSection
	GlobalSection(ExtensibilityGlobals) = postSolution
		SolutionGuid = {17F9D815-FB9E-4B88-A62F-189DACC9AE57}
	EndGlobalSection
EndGlobal
